
Microsoft Visual Studio Solution File, Format Version 12.00
# Visual Studio Version 17
VisualStudioVersion = 17.8.34525.116
MinimumVisualStudioVersion = 10.0.40219.1
Project("{FAE04EC0-301F-11D3-BF4B-00C04F79EFBC}") = "Domain", "Domain\Domain.csproj", "{070993F5-E530-443E-8400-5D071F6372CA}"
EndProject
Global
	GlobalSection(SolutionConfigurationPlatforms) = preSolution
		Debug|Any CPU = Debug|Any CPU
		Release|Any CPU = Release|Any CPU
	EndGlobalSection
	GlobalSection(ProjectConfigurationPlatforms) = postSolution
		{070993F5-E530-443E-8400-5D071F6372CA}.Debug|Any CPU.ActiveCfg = Debug|Any CPU
		{070993F5-E530-443E-8400-5D071F6372CA}.Debug|Any CPU.Build.0 = Debug|Any CPU
		{070993F5-E530-443E-8400-5D071F6372CA}.Release|Any CPU.ActiveCfg = Release|Any CPU
		{070993F5-E530-443E-8400-5D071F6372CA}.Release|Any CPU.Build.0 = Release|Any CPU
	EndGlobalSection
	GlobalSection(SolutionProperties) = preSolution
		HideSolutionNode = FALSE
	EndGlobalSection
	GlobalSection(ExtensibilityGlobals) = postSolution
		SolutionGuid = {30B9A487-5FD9-4A8B-89EA-B974E840D15C}
	EndGlobalSection
EndGlobal
